{
    "version": 3,
    "terraform_version": "0.9.6",
    "serial": 0,
    "lineage": "a327dc66-9322-453c-861b-07730d0bf934",
    "modules": [
        {
            "path": [
                "root"
            ],
            "outputs": {},
            "resources": {
                "google_compute_firewall.default": {
                    "type": "google_compute_firewall",
                    "depends_on": [],
                    "primary": {
                        "id": "tf-www-firewall",
                        "attributes": {
                            "allow.#": "1",
                            "allow.272637744.ports.#": "1",
                            "allow.272637744.ports.0": "80",
                            "allow.272637744.protocol": "tcp",
                            "description": "",
                            "id": "tf-www-firewall",
                            "name": "tf-www-firewall",
                            "network": "default",
                            "project": "verdant-sprite-170019",
                            "self_link": "https://www.googleapis.com/compute/v1/projects/verdant-sprite-170019/global/firewalls/tf-www-firewall",
                            "source_ranges.#": "1",
                            "source_ranges.1080289494": "0.0.0.0/0",
                            "source_tags.#": "0",
                            "target_tags.#": "1",
                            "target_tags.1630882000": "www-node"
                        },
                        "meta": {
                            "schema_version": "1"
                        },
                        "tainted": false
                    },
                    "deposed": [],
                    "provider": ""
                },
                "google_compute_http_health_check.default": {
                    "type": "google_compute_http_health_check",
                    "depends_on": [],
                    "primary": {
                        "id": "tf-www-basic-check",
                        "attributes": {
                            "check_interval_sec": "1",
                            "description": "",
                            "healthy_threshold": "1",
                            "host": "",
                            "id": "tf-www-basic-check",
                            "name": "tf-www-basic-check",
                            "port": "80",
                            "project": "verdant-sprite-170019",
                            "request_path": "/",
                            "self_link": "https://www.googleapis.com/compute/v1/projects/verdant-sprite-170019/global/httpHealthChecks/tf-www-basic-check",
                            "timeout_sec": "1",
                            "unhealthy_threshold": "10"
                        },
                        "meta": {},
                        "tainted": false
                    },
                    "deposed": [],
                    "provider": ""
                },
                "google_compute_instance.www.0": {
                    "type": "google_compute_instance",
                    "depends_on": [],
                    "primary": {
                        "id": "tf-www-0",
                        "attributes": {
                            "attached_disk.#": "0",
                            "can_ip_forward": "false",
                            "create_timeout": "4",
                            "disk.#": "1",
                            "disk.0.auto_delete": "true",
                            "disk.0.device_name": "",
                            "disk.0.disk": "",
                            "disk.0.disk_encryption_key_raw": "",
                            "disk.0.disk_encryption_key_sha256": "",
                            "disk.0.image": "ubuntu-os-cloud/ubuntu-1404-trusty-v20160602",
                            "disk.0.scratch": "false",
                            "disk.0.size": "0",
                            "disk.0.type": "",
                            "id": "tf-www-0",
                            "machine_type": "f1-micro",
                            "metadata.%": "1",
                            "metadata.ssh-keys": "root:ssh-rsa AAAAB3NzaC1yc2EAAAADAQABAAABAQDJHMzssQx2NkVytgeZ70Wi+WqpDIGeCoiVm6QR75QQqRJL7inZO9Z2IHUUvyyoII8kUic3m8sf2TMonMpZcZ4Idvt2uixZs012udWYLf7JcRBRxNHbvumcESWHn9doOajLjbKjYpUZ8IDvReP2aSO9nRl/Ql4E35fWRDeFSgX8AGajQKAHccFaXaISW8clkmpThdXUN7y4iKQfXfmRjj4VRqL8eDRgB4A3H8eR8ON1GY3FzS6G1DRH6oC14H2HaFGDT04AkWnCmVcLcYfqj1DyTEnjCzWDQFOPm8PR4xIgZRnyx8Fx2LtWlG+SNb0SCvga9edpsJCDIW26URFg2sYJ Fran@Fran-PC\n",
                            "metadata_fingerprint": "ErOC-Qs8Im8=",
                            "name": "tf-www-0",
                            "network.#": "0",
                            "network_interface.#": "1",
                            "network_interface.0.access_config.#": "1",
                            "network_interface.0.access_config.0.assigned_nat_ip": "104.154.107.18",
                            "network_interface.0.access_config.0.nat_ip": "",
                            "network_interface.0.address": "10.128.0.4",
                            "network_interface.0.name": "nic0",
                            "network_interface.0.network": "default",
                            "network_interface.0.subnetwork": "",
                            "network_interface.0.subnetwork_project": "",
                            "self_link": "https://www.googleapis.com/compute/v1/projects/verdant-sprite-170019/zones/us-central1-f/instances/tf-www-0",
                            "service_account.#": "1",
                            "service_account.0.email": "772379555089-compute@developer.gserviceaccount.com",
                            "service_account.0.scopes.#": "1",
                            "service_account.0.scopes.1432853841": "https://www.googleapis.com/auth/compute.readonly",
                            "tags.#": "1",
                            "tags.1630882000": "www-node",
                            "tags_fingerprint": "hOwvn4SsPrU=",
                            "zone": "us-central1-f"
                        },
                        "meta": {
                            "schema_version": "2"
                        },
                        "tainted": true
                    },
                    "deposed": [],
                    "provider": ""
                },
                "google_compute_instance.www.1": {
                    "type": "google_compute_instance",
                    "depends_on": [],
                    "primary": {
                        "id": "tf-www-1",
                        "attributes": {
                            "attached_disk.#": "0",
                            "can_ip_forward": "false",
                            "create_timeout": "4",
                            "disk.#": "1",
                            "disk.0.auto_delete": "true",
                            "disk.0.device_name": "",
                            "disk.0.disk": "",
                            "disk.0.disk_encryption_key_raw": "",
                            "disk.0.disk_encryption_key_sha256": "",
                            "disk.0.image": "ubuntu-os-cloud/ubuntu-1404-trusty-v20160602",
                            "disk.0.scratch": "false",
                            "disk.0.size": "0",
                            "disk.0.type": "",
                            "id": "tf-www-1",
                            "machine_type": "f1-micro",
                            "metadata.%": "1",
                            "metadata.ssh-keys": "root:ssh-rsa AAAAB3NzaC1yc2EAAAADAQABAAABAQDJHMzssQx2NkVytgeZ70Wi+WqpDIGeCoiVm6QR75QQqRJL7inZO9Z2IHUUvyyoII8kUic3m8sf2TMonMpZcZ4Idvt2uixZs012udWYLf7JcRBRxNHbvumcESWHn9doOajLjbKjYpUZ8IDvReP2aSO9nRl/Ql4E35fWRDeFSgX8AGajQKAHccFaXaISW8clkmpThdXUN7y4iKQfXfmRjj4VRqL8eDRgB4A3H8eR8ON1GY3FzS6G1DRH6oC14H2HaFGDT04AkWnCmVcLcYfqj1DyTEnjCzWDQFOPm8PR4xIgZRnyx8Fx2LtWlG+SNb0SCvga9edpsJCDIW26URFg2sYJ Fran@Fran-PC\n",
                            "metadata_fingerprint": "ErOC-Qs8Im8=",
                            "name": "tf-www-1",
                            "network.#": "0",
                            "network_interface.#": "1",
                            "network_interface.0.access_config.#": "1",
                            "network_interface.0.access_config.0.assigned_nat_ip": "35.184.57.17",
                            "network_interface.0.access_config.0.nat_ip": "",
                            "network_interface.0.address": "10.128.0.3",
                            "network_interface.0.name": "nic0",
                            "network_interface.0.network": "default",
                            "network_interface.0.subnetwork": "",
                            "network_interface.0.subnetwork_project": "",
                            "self_link": "https://www.googleapis.com/compute/v1/projects/verdant-sprite-170019/zones/us-central1-f/instances/tf-www-1",
                            "service_account.#": "1",
                            "service_account.0.email": "772379555089-compute@developer.gserviceaccount.com",
                            "service_account.0.scopes.#": "1",
                            "service_account.0.scopes.1432853841": "https://www.googleapis.com/auth/compute.readonly",
                            "tags.#": "1",
                            "tags.1630882000": "www-node",
                            "tags_fingerprint": "hOwvn4SsPrU=",
                            "zone": "us-central1-f"
                        },
                        "meta": {
                            "schema_version": "2"
                        },
                        "tainted": true
                    },
                    "deposed": [],
                    "provider": ""
                },
                "google_compute_instance.www.2": {
                    "type": "google_compute_instance",
                    "depends_on": [],
                    "primary": {
                        "id": "tf-www-2",
                        "attributes": {
                            "attached_disk.#": "0",
                            "can_ip_forward": "false",
                            "create_timeout": "4",
                            "disk.#": "1",
                            "disk.0.auto_delete": "true",
                            "disk.0.device_name": "",
                            "disk.0.disk": "",
                            "disk.0.disk_encryption_key_raw": "",
                            "disk.0.disk_encryption_key_sha256": "",
                            "disk.0.image": "ubuntu-os-cloud/ubuntu-1404-trusty-v20160602",
                            "disk.0.scratch": "false",
                            "disk.0.size": "0",
                            "disk.0.type": "",
                            "id": "tf-www-2",
                            "machine_type": "f1-micro",
                            "metadata.%": "1",
                            "metadata.ssh-keys": "root:ssh-rsa AAAAB3NzaC1yc2EAAAADAQABAAABAQDJHMzssQx2NkVytgeZ70Wi+WqpDIGeCoiVm6QR75QQqRJL7inZO9Z2IHUUvyyoII8kUic3m8sf2TMonMpZcZ4Idvt2uixZs012udWYLf7JcRBRxNHbvumcESWHn9doOajLjbKjYpUZ8IDvReP2aSO9nRl/Ql4E35fWRDeFSgX8AGajQKAHccFaXaISW8clkmpThdXUN7y4iKQfXfmRjj4VRqL8eDRgB4A3H8eR8ON1GY3FzS6G1DRH6oC14H2HaFGDT04AkWnCmVcLcYfqj1DyTEnjCzWDQFOPm8PR4xIgZRnyx8Fx2LtWlG+SNb0SCvga9edpsJCDIW26URFg2sYJ Fran@Fran-PC\n",
                            "metadata_fingerprint": "ErOC-Qs8Im8=",
                            "name": "tf-www-2",
                            "network.#": "0",
                            "network_interface.#": "1",
                            "network_interface.0.access_config.#": "1",
                            "network_interface.0.access_config.0.assigned_nat_ip": "35.188.1.29",
                            "network_interface.0.access_config.0.nat_ip": "",
                            "network_interface.0.address": "10.128.0.2",
                            "network_interface.0.name": "nic0",
                            "network_interface.0.network": "default",
                            "network_interface.0.subnetwork": "",
                            "network_interface.0.subnetwork_project": "",
                            "self_link": "https://www.googleapis.com/compute/v1/projects/verdant-sprite-170019/zones/us-central1-f/instances/tf-www-2",
                            "service_account.#": "1",
                            "service_account.0.email": "772379555089-compute@developer.gserviceaccount.com",
                            "service_account.0.scopes.#": "1",
                            "service_account.0.scopes.1432853841": "https://www.googleapis.com/auth/compute.readonly",
                            "tags.#": "1",
                            "tags.1630882000": "www-node",
                            "tags_fingerprint": "hOwvn4SsPrU=",
                            "zone": "us-central1-f"
                        },
                        "meta": {
                            "schema_version": "2"
                        },
                        "tainted": true
                    },
                    "deposed": [],
                    "provider": ""
                }
            },
            "depends_on": []
        }
    ]
}
